
Microsoft Visual Studio Solution File, Format Version 12.00
# Visual Studio Version 16
VisualStudioVersion = 16.0.30804.86
MinimumVisualStudioVersion = 10.0.40219.1
Project("{9A19103F-16F7-4668-BE54-9A1E7A4F7556}") = "EffectsPedalsKeeper", "EffectsPedalsKeeper\EffectsPedalsKeeper.csproj", "{DAB88F87-B70F-48DA-ACFA-E7600A1210C9}"
EndProject
Project("{9A19103F-16F7-4668-BE54-9A1E7A4F7556}") = "EffectsPedalsKeeperTests", "EffectsPedalsKeeperTests\EffectsPedalsKeeperTests.csproj", "{985F9F38-259B-4CC5-9713-CB2327577488}"
EndProject
Project("{2150E333-8FDC-42A3-9474-1A3956D46DE8}") = "Solution Items", "Solution Items", "{8C22BCE1-1453-4BBF-90E5-67A8BF7E75BF}"
	ProjectSection(SolutionItems) = preProject
		README.md = README.md
	EndProjectSection
EndProject
Project("{FAE04EC0-301F-11D3-BF4B-00C04F79EFBC}") = "EffectsPedalsKeeperShared", "EffectsPedalsKeeperShared\EffectsPedalsKeeperShared.csproj", "{8FB5A354-E4E5-425E-8DCF-46D793823CE6}"
EndProject
Project("{FAE04EC0-301F-11D3-BF4B-00C04F79EFBC}") = "EffectsPedalsKeeperWebApp", "EffectsPedalsKeeperWebApp\EffectsPedalsKeeperWebApp.csproj", "{D0AB008E-5A02-4D8E-99EB-F154C9DEC6F0}"
EndProject
Project("{FAE04EC0-301F-11D3-BF4B-00C04F79EFBC}") = "EffectsPedalsKeeperSharedTests", "EffectsPedalsKeeperSharedTests\EffectsPedalsKeeperSharedTests.csproj", "{1E694DD3-063C-436F-BD3E-EF6156ACC998}"
EndProject
Global
	GlobalSection(SolutionConfigurationPlatforms) = preSolution
		Debug|Any CPU = Debug|Any CPU
		Release|Any CPU = Release|Any CPU
	EndGlobalSection
	GlobalSection(ProjectConfigurationPlatforms) = postSolution
		{DAB88F87-B70F-48DA-ACFA-E7600A1210C9}.Debug|Any CPU.ActiveCfg = Debug|Any CPU
		{DAB88F87-B70F-48DA-ACFA-E7600A1210C9}.Debug|Any CPU.Build.0 = Debug|Any CPU
		{DAB88F87-B70F-48DA-ACFA-E7600A1210C9}.Release|Any CPU.ActiveCfg = Release|Any CPU
		{DAB88F87-B70F-48DA-ACFA-E7600A1210C9}.Release|Any CPU.Build.0 = Release|Any CPU
		{985F9F38-259B-4CC5-9713-CB2327577488}.Debug|Any CPU.ActiveCfg = Debug|Any CPU
		{985F9F38-259B-4CC5-9713-CB2327577488}.Debug|Any CPU.Build.0 = Debug|Any CPU
		{985F9F38-259B-4CC5-9713-CB2327577488}.Release|Any CPU.ActiveCfg = Release|Any CPU
		{985F9F38-259B-4CC5-9713-CB2327577488}.Release|Any CPU.Build.0 = Release|Any CPU
		{8FB5A354-E4E5-425E-8DCF-46D793823CE6}.Debug|Any CPU.ActiveCfg = Debug|Any CPU
		{8FB5A354-E4E5-425E-8DCF-46D793823CE6}.Debug|Any CPU.Build.0 = Debug|Any CPU
		{8FB5A354-E4E5-425E-8DCF-46D793823CE6}.Release|Any CPU.ActiveCfg = Release|Any CPU
		{8FB5A354-E4E5-425E-8DCF-46D793823CE6}.Release|Any CPU.Build.0 = Release|Any CPU
		{D0AB008E-5A02-4D8E-99EB-F154C9DEC6F0}.Debug|Any CPU.ActiveCfg = Debug|Any CPU
		{D0AB008E-5A02-4D8E-99EB-F154C9DEC6F0}.Debug|Any CPU.Build.0 = Debug|Any CPU
		{D0AB008E-5A02-4D8E-99EB-F154C9DEC6F0}.Release|Any CPU.ActiveCfg = Release|Any CPU
		{D0AB008E-5A02-4D8E-99EB-F154C9DEC6F0}.Release|Any CPU.Build.0 = Release|Any CPU
		{1E694DD3-063C-436F-BD3E-EF6156ACC998}.Debug|Any CPU.ActiveCfg = Debug|Any CPU
		{1E694DD3-063C-436F-BD3E-EF6156ACC998}.Debug|Any CPU.Build.0 = Debug|Any CPU
		{1E694DD3-063C-436F-BD3E-EF6156ACC998}.Release|Any CPU.ActiveCfg = Release|Any CPU
		{1E694DD3-063C-436F-BD3E-EF6156ACC998}.Release|Any CPU.Build.0 = Release|Any CPU
	EndGlobalSection
	GlobalSection(SolutionProperties) = preSolution
		HideSolutionNode = FALSE
	EndGlobalSection
	GlobalSection(ExtensibilityGlobals) = postSolution
		SolutionGuid = {CC3D8207-F1F9-4A8D-A736-6804654C598A}
	EndGlobalSection
EndGlobal
